
Microsoft Visual Studio Solution File, Format Version 12.00
# Visual Studio 15
VisualStudioVersion = 15.0.26228.4
MinimumVisualStudioVersion = 10.0.40219.1
Project("{A07B5EB6-E848-4116-A8D0-A826331D98C6}") = "HelloWorld", "HelloWorld\HelloWorld.sfproj", "{2C4C84BC-B799-4C59-97D2-A77A758A00C1}"
EndProject
Project("{FAE04EC0-301F-11D3-BF4B-00C04F79EFBC}") = "MyStatelessHelloWorld", "MyStatelessHelloWorld\MyStatelessHelloWorld.csproj", "{8A04E36B-2259-4D6D-A637-668CD01210E5}"
EndProject
Project("{FAE04EC0-301F-11D3-BF4B-00C04F79EFBC}") = "MyStatelessHelloWorldWebApi", "MyStatelessHelloWorldWebApi\MyStatelessHelloWorldWebApi.csproj", "{875AB5E7-DE82-41EB-8843-CE4CC76E77E1}"
EndProject
Global
	GlobalSection(SolutionConfigurationPlatforms) = preSolution
		Debug|x64 = Debug|x64
		Release|x64 = Release|x64
	EndGlobalSection
	GlobalSection(ProjectConfigurationPlatforms) = postSolution
		{2C4C84BC-B799-4C59-97D2-A77A758A00C1}.Debug|x64.ActiveCfg = Debug|x64
		{2C4C84BC-B799-4C59-97D2-A77A758A00C1}.Debug|x64.Build.0 = Debug|x64
		{2C4C84BC-B799-4C59-97D2-A77A758A00C1}.Debug|x64.Deploy.0 = Debug|x64
		{2C4C84BC-B799-4C59-97D2-A77A758A00C1}.Release|x64.ActiveCfg = Release|x64
		{2C4C84BC-B799-4C59-97D2-A77A758A00C1}.Release|x64.Build.0 = Release|x64
		{2C4C84BC-B799-4C59-97D2-A77A758A00C1}.Release|x64.Deploy.0 = Release|x64
		{8A04E36B-2259-4D6D-A637-668CD01210E5}.Debug|x64.ActiveCfg = Debug|x64
		{8A04E36B-2259-4D6D-A637-668CD01210E5}.Debug|x64.Build.0 = Debug|x64
		{8A04E36B-2259-4D6D-A637-668CD01210E5}.Release|x64.ActiveCfg = Release|x64
		{8A04E36B-2259-4D6D-A637-668CD01210E5}.Release|x64.Build.0 = Release|x64
		{875AB5E7-DE82-41EB-8843-CE4CC76E77E1}.Debug|x64.ActiveCfg = Debug|x64
		{875AB5E7-DE82-41EB-8843-CE4CC76E77E1}.Debug|x64.Build.0 = Debug|x64
		{875AB5E7-DE82-41EB-8843-CE4CC76E77E1}.Release|x64.ActiveCfg = Release|x64
		{875AB5E7-DE82-41EB-8843-CE4CC76E77E1}.Release|x64.Build.0 = Release|x64
	EndGlobalSection
	GlobalSection(SolutionProperties) = preSolution
		HideSolutionNode = FALSE
	EndGlobalSection
EndGlobal
